// !$*UTF8*$!
{
	archiveVersion = 1;
	classes = {
	};
	objectVersion = 46;
	objects = {

/* Begin PBXBuildFile section */
		070400451347CB140092A737 /* defaultPerson.png in Resources */ = {isa = PBXBuildFile; fileRef = 070400441347CB140092A737 /* defaultPerson.png */; };
		070400B91347D09A0092A737 /* CoreLocation.framework in Frameworks */ = {isa = PBXBuildFile; fileRef = 070400B81347D09A0092A737 /* CoreLocation.framework */; };
		0704FFC8134794020092A737 /* SettingsViewController.m in Sources */ = {isa = PBXBuildFile; fileRef = 0704FFC6134794020092A737 /* SettingsViewController.m */; };
		0704FFC9134794020092A737 /* SettingsViewController.xib in Resources */ = {isa = PBXBuildFile; fileRef = 0704FFC7134794020092A737 /* SettingsViewController.xib */; };
		1D3623260D0F684500981E51 /* iPhoneXMPPAppDelegate.m in Sources */ = {isa = PBXBuildFile; fileRef = 1D3623250D0F684500981E51 /* iPhoneXMPPAppDelegate.m */; };
		1D60589B0D05DD56006BFB54 /* main.m in Sources */ = {isa = PBXBuildFile; fileRef = 29B97316FDCFA39411CA2CEA /* main.m */; };
		1D60589F0D05DD5A006BFB54 /* Foundation.framework in Frameworks */ = {isa = PBXBuildFile; fileRef = 1D30AB110D05D00D00671497 /* Foundation.framework */; };
		1DF5F4E00D08C38300B7A737 /* UIKit.framework in Frameworks */ = {isa = PBXBuildFile; fileRef = 1DF5F4DF0D08C38300B7A737 /* UIKit.framework */; };
		2892E4100DC94CBA00A64D0F /* CoreGraphics.framework in Frameworks */ = {isa = PBXBuildFile; fileRef = 2892E40F0DC94CBA00A64D0F /* CoreGraphics.framework */; };
		28AD73600D9D9599002E5188 /* MainWindow.xib in Resources */ = {isa = PBXBuildFile; fileRef = 28AD735F0D9D9599002E5188 /* MainWindow.xib */; };
		28C286E10D94DF7D0034E888 /* RootViewController.m in Sources */ = {isa = PBXBuildFile; fileRef = 28C286E00D94DF7D0034E888 /* RootViewController.m */; };
		28F335F11007B36200424DE2 /* RootViewController.xib in Resources */ = {isa = PBXBuildFile; fileRef = 28F335F01007B36200424DE2 /* RootViewController.xib */; };
		5799A9301B6FF341000FCD95 /* MainWindow.xib in Resources */ = {isa = PBXBuildFile; fileRef = 28AD735F0D9D9599002E5188 /* MainWindow.xib */; };
		5799A9311B6FF341000FCD95 /* RootViewController.xib in Resources */ = {isa = PBXBuildFile; fileRef = 28F335F01007B36200424DE2 /* RootViewController.xib */; };
		5799A9321B6FF341000FCD95 /* SettingsViewController.xib in Resources */ = {isa = PBXBuildFile; fileRef = 0704FFC7134794020092A737 /* SettingsViewController.xib */; };
		5799A9331B6FF341000FCD95 /* defaultPerson.png in Resources */ = {isa = PBXBuildFile; fileRef = 070400441347CB140092A737 /* defaultPerson.png */; };
		5799A9351B6FF341000FCD95 /* Default-568h@2x.png in Resources */ = {isa = PBXBuildFile; fileRef = DC19DDA0170B4138000D2178 /* Default-568h@2x.png */; };
		5799A9371B6FF341000FCD95 /* main.m in Sources */ = {isa = PBXBuildFile; fileRef = 29B97316FDCFA39411CA2CEA /* main.m */; };
		5799A9381B6FF341000FCD95 /* iPhoneXMPPAppDelegate.m in Sources */ = {isa = PBXBuildFile; fileRef = 1D3623250D0F684500981E51 /* iPhoneXMPPAppDelegate.m */; };
		5799A9391B6FF341000FCD95 /* RootViewController.m in Sources */ = {isa = PBXBuildFile; fileRef = 28C286E00D94DF7D0034E888 /* RootViewController.m */; };
		5799A9461B6FF341000FCD95 /* SettingsViewController.m in Sources */ = {isa = PBXBuildFile; fileRef = 0704FFC6134794020092A737 /* SettingsViewController.m */; };
		5799A9A41B6FF341000FCD95 /* Security.framework in Frameworks */ = {isa = PBXBuildFile; fileRef = DC26A52C152A3E82004B71C0 /* Security.framework */; };
		5799A9A51B6FF341000FCD95 /* CoreLocation.framework in Frameworks */ = {isa = PBXBuildFile; fileRef = 070400B81347D09A0092A737 /* CoreLocation.framework */; };
		5799A9A61B6FF341000FCD95 /* Foundation.framework in Frameworks */ = {isa = PBXBuildFile; fileRef = 1D30AB110D05D00D00671497 /* Foundation.framework */; };
		5799A9A71B6FF341000FCD95 /* UIKit.framework in Frameworks */ = {isa = PBXBuildFile; fileRef = 1DF5F4DF0D08C38300B7A737 /* UIKit.framework */; };
		5799A9A81B6FF341000FCD95 /* CoreGraphics.framework in Frameworks */ = {isa = PBXBuildFile; fileRef = 2892E40F0DC94CBA00A64D0F /* CoreGraphics.framework */; };
		5799A9A91B6FF341000FCD95 /* libxml2.dylib in Frameworks */ = {isa = PBXBuildFile; fileRef = DC1F97E11152CA2D00138A8F /* libxml2.dylib */; };
		5799A9AA1B6FF341000FCD95 /* CFNetwork.framework in Frameworks */ = {isa = PBXBuildFile; fileRef = DC1F97E71152CA4E00138A8F /* CFNetwork.framework */; };
		5799A9AB1B6FF341000FCD95 /* SystemConfiguration.framework in Frameworks */ = {isa = PBXBuildFile; fileRef = DC1F98361152CBC200138A8F /* SystemConfiguration.framework */; };
		5799A9AC1B6FF341000FCD95 /* CoreData.framework in Frameworks */ = {isa = PBXBuildFile; fileRef = DC1F985C1152CC2B00138A8F /* CoreData.framework */; };
		5799A9AD1B6FF341000FCD95 /* libresolv.dylib in Frameworks */ = {isa = PBXBuildFile; fileRef = DCD4944212234A49004BEE1A /* libresolv.dylib */; };
		5799A9AE1B6FF341000FCD95 /* libidn.a in Frameworks */ = {isa = PBXBuildFile; fileRef = DC84BC1712440C500055A459 /* libidn.a */; };
		5799A9B81B710E68000FCD95 /* libKissXML.a in Frameworks */ = {isa = PBXBuildFile; fileRef = 5799A9B71B710E68000FCD95 /* libKissXML.a */; };
		57D3AC281B965B3300725336 /* XMPP.framework in Frameworks */ = {isa = PBXBuildFile; fileRef = 57D3AC1D1B965A6B00725336 /* XMPP.framework */; };
		57D3AC291B965B3300725336 /* XMPP.framework in Embed Frameworks */ = {isa = PBXBuildFile; fileRef = 57D3AC1D1B965A6B00725336 /* XMPP.framework */; settings = {ATTRIBUTES = (CodeSignOnCopy, RemoveHeadersOnCopy, ); }; };
		DC19DDA1170B4138000D2178 /* Default-568h@2x.png in Resources */ = {isa = PBXBuildFile; fileRef = DC19DDA0170B4138000D2178 /* Default-568h@2x.png */; };
		DC1F97E21152CA2D00138A8F /* libxml2.dylib in Frameworks */ = {isa = PBXBuildFile; fileRef = DC1F97E11152CA2D00138A8F /* libxml2.dylib */; };
		DC1F97E81152CA4E00138A8F /* CFNetwork.framework in Frameworks */ = {isa = PBXBuildFile; fileRef = DC1F97E71152CA4E00138A8F /* CFNetwork.framework */; };
		DC1F98371152CBC200138A8F /* SystemConfiguration.framework in Frameworks */ = {isa = PBXBuildFile; fileRef = DC1F98361152CBC200138A8F /* SystemConfiguration.framework */; };
		DC1F985D1152CC2B00138A8F /* CoreData.framework in Frameworks */ = {isa = PBXBuildFile; fileRef = DC1F985C1152CC2B00138A8F /* CoreData.framework */; };
		DC26A52D152A3E82004B71C0 /* Security.framework in Frameworks */ = {isa = PBXBuildFile; fileRef = DC26A52C152A3E82004B71C0 /* Security.framework */; };
		DC84BC1812440C500055A459 /* libidn.a in Frameworks */ = {isa = PBXBuildFile; fileRef = DC84BC1712440C500055A459 /* libidn.a */; };
		DCD4944312234A49004BEE1A /* libresolv.dylib in Frameworks */ = {isa = PBXBuildFile; fileRef = DCD4944212234A49004BEE1A /* libresolv.dylib */; };
/* End PBXBuildFile section */

/* Begin PBXContainerItemProxy section */
		57D3AC1A1B965A6B00725336 /* PBXContainerItemProxy */ = {
			isa = PBXContainerItemProxy;
			containerPortal = 57D3AC101B965A6B00725336 /* XMPP.xcodeproj */;
			proxyType = 2;
			remoteGlobalIDString = 5799A9D91B711E5F000FCD95;
			remoteInfo = "XMPP (osx)";
		};
		57D3AC1C1B965A6B00725336 /* PBXContainerItemProxy */ = {
			isa = PBXContainerItemProxy;
			containerPortal = 57D3AC101B965A6B00725336 /* XMPP.xcodeproj */;
			proxyType = 2;
			remoteGlobalIDString = 5799A9E91B712609000FCD95;
			remoteInfo = "XMPP (ios)";
		};
		57D3AC1E1B965A6B00725336 /* PBXContainerItemProxy */ = {
			isa = PBXContainerItemProxy;
			containerPortal = 57D3AC101B965A6B00725336 /* XMPP.xcodeproj */;
			proxyType = 2;
			remoteGlobalIDString = 5799A9F51B713E85000FCD95;
			remoteInfo = XMPP;
		};
		57D3AC201B965A6B00725336 /* PBXContainerItemProxy */ = {
			isa = PBXContainerItemProxy;
			containerPortal = 57D3AC101B965A6B00725336 /* XMPP.xcodeproj */;
			proxyType = 2;
			remoteGlobalIDString = 5793F4CD1B790CF5006CCEA1;
			remoteInfo = "XMPP-framework-link-test (ios)";
		};
		57D3AC221B965A6B00725336 /* PBXContainerItemProxy */ = {
			isa = PBXContainerItemProxy;
			containerPortal = 57D3AC101B965A6B00725336 /* XMPP.xcodeproj */;
			proxyType = 2;
			remoteGlobalIDString = 570BEAB91B8FA8D600A1E65D;
			remoteInfo = "XMPP-framework-link-test-osx";
		};
		57D3AC2A1B965B3300725336 /* PBXContainerItemProxy */ = {
			isa = PBXContainerItemProxy;
			containerPortal = 57D3AC101B965A6B00725336 /* XMPP.xcodeproj */;
			proxyType = 1;
			remoteGlobalIDString = 5799A9E81B712609000FCD95;
			remoteInfo = "XMPP (ios)";
		};
/* End PBXContainerItemProxy section */

/* Begin PBXCopyFilesBuildPhase section */
		5799A9AF1B6FF341000FCD95 /* Embed Frameworks */ = {
			isa = PBXCopyFilesBuildPhase;
			buildActionMask = 2147483647;
			dstPath = "";
			dstSubfolderSpec = 10;
			files = (
			);
			name = "Embed Frameworks";
			runOnlyForDeploymentPostprocessing = 0;
		};
		57AE9ADD1B6BED7E002375BD /* Embed Frameworks */ = {
			isa = PBXCopyFilesBuildPhase;
			buildActionMask = 2147483647;
			dstPath = "";
			dstSubfolderSpec = 10;
			files = (
				57D3AC291B965B3300725336 /* XMPP.framework in Embed Frameworks */,
			);
			name = "Embed Frameworks";
			runOnlyForDeploymentPostprocessing = 0;
		};
/* End PBXCopyFilesBuildPhase section */

/* Begin PBXFileReference section */
		070400441347CB140092A737 /* defaultPerson.png */ = {isa = PBXFileReference; lastKnownFileType = image.png; path = defaultPerson.png; sourceTree = "<group>"; };
		070400B81347D09A0092A737 /* CoreLocation.framework */ = {isa = PBXFileReference; lastKnownFileType = wrapper.framework; name = CoreLocation.framework; path = System/Library/Frameworks/CoreLocation.framework; sourceTree = SDKROOT; };
		0704FFC5134794020092A737 /* SettingsViewController.h */ = {isa = PBXFileReference; fileEncoding = 4; lastKnownFileType = sourcecode.c.h; path = SettingsViewController.h; sourceTree = "<group>"; };
		0704FFC6134794020092A737 /* SettingsViewController.m */ = {isa = PBXFileReference; fileEncoding = 4; lastKnownFileType = sourcecode.c.objc; path = SettingsViewController.m; sourceTree = "<group>"; };
		0704FFC7134794020092A737 /* SettingsViewController.xib */ = {isa = PBXFileReference; fileEncoding = 4; lastKnownFileType = file.xib; path = SettingsViewController.xib; sourceTree = "<group>"; };
		1D30AB110D05D00D00671497 /* Foundation.framework */ = {isa = PBXFileReference; lastKnownFileType = wrapper.framework; name = Foundation.framework; path = System/Library/Frameworks/Foundation.framework; sourceTree = SDKROOT; };
		1D3623240D0F684500981E51 /* iPhoneXMPPAppDelegate.h */ = {isa = PBXFileReference; fileEncoding = 4; lastKnownFileType = sourcecode.c.h; path = iPhoneXMPPAppDelegate.h; sourceTree = "<group>"; };
		1D3623250D0F684500981E51 /* iPhoneXMPPAppDelegate.m */ = {isa = PBXFileReference; fileEncoding = 4; lastKnownFileType = sourcecode.c.objc; path = iPhoneXMPPAppDelegate.m; sourceTree = "<group>"; };
		1D6058910D05DD3D006BFB54 /* iPhoneXMPP_8+.app */ = {isa = PBXFileReference; explicitFileType = wrapper.application; includeInIndex = 0; path = "iPhoneXMPP_8+.app"; sourceTree = BUILT_PRODUCTS_DIR; };
		1DF5F4DF0D08C38300B7A737 /* UIKit.framework */ = {isa = PBXFileReference; lastKnownFileType = wrapper.framework; name = UIKit.framework; path = System/Library/Frameworks/UIKit.framework; sourceTree = SDKROOT; };
		2892E40F0DC94CBA00A64D0F /* CoreGraphics.framework */ = {isa = PBXFileReference; lastKnownFileType = wrapper.framework; name = CoreGraphics.framework; path = System/Library/Frameworks/CoreGraphics.framework; sourceTree = SDKROOT; };
		28A0AAE50D9B0CCF005BE974 /* iPhoneXMPP_Prefix.pch */ = {isa = PBXFileReference; fileEncoding = 4; lastKnownFileType = sourcecode.c.h; path = iPhoneXMPP_Prefix.pch; sourceTree = "<group>"; };
		28AD735F0D9D9599002E5188 /* MainWindow.xib */ = {isa = PBXFileReference; lastKnownFileType = file.xib; path = MainWindow.xib; sourceTree = "<group>"; };
		28C286DF0D94DF7D0034E888 /* RootViewController.h */ = {isa = PBXFileReference; fileEncoding = 4; lastKnownFileType = sourcecode.c.h; path = RootViewController.h; sourceTree = "<group>"; };
		28C286E00D94DF7D0034E888 /* RootViewController.m */ = {isa = PBXFileReference; fileEncoding = 4; lastKnownFileType = sourcecode.c.objc; lineEnding = 0; path = RootViewController.m; sourceTree = "<group>"; xcLanguageSpecificationIdentifier = xcode.lang.objc; };
		28F335F01007B36200424DE2 /* RootViewController.xib */ = {isa = PBXFileReference; lastKnownFileType = file.xib; path = RootViewController.xib; sourceTree = "<group>"; };
		29B97316FDCFA39411CA2CEA /* main.m */ = {isa = PBXFileReference; fileEncoding = 4; lastKnownFileType = sourcecode.c.objc; path = main.m; sourceTree = "<group>"; };
		570091EC1B6C090D00EEA598 /* KissXML.framework */ = {isa = PBXFileReference; lastKnownFileType = wrapper.framework; name = KissXML.framework; path = "../../../KissXML/build/Debug-iphoneos/KissXML.framework"; sourceTree = "<group>"; };
		5779FAD01B6FDC0B002B595B /* KissXML.framework */ = {isa = PBXFileReference; lastKnownFileType = wrapper.framework; name = KissXML.framework; path = "../../Vendor/KissXML/build/Debug-iphoneos/KissXML.framework"; sourceTree = "<group>"; };
		5799A9B31B6FF341000FCD95 /* iPhoneXMPP_8-.app */ = {isa = PBXFileReference; explicitFileType = wrapper.application; includeInIndex = 0; path = "iPhoneXMPP_8-.app"; sourceTree = BUILT_PRODUCTS_DIR; };
		5799A9B51B6FF46E000FCD95 /* libKissXML.a */ = {isa = PBXFileReference; lastKnownFileType = archive.ar; name = libKissXML.a; path = "../../Vendor/KissXML/build/Debug-iphoneos/libKissXML.a"; sourceTree = "<group>"; };
		5799A9B71B710E68000FCD95 /* libKissXML.a */ = {isa = PBXFileReference; lastKnownFileType = archive.ar; name = libKissXML.a; path = "../../Vendor/KissXML/build/Debug-iphoneos/libKissXML.a"; sourceTree = "<group>"; };
		57D3AC101B965A6B00725336 /* XMPP.xcodeproj */ = {isa = PBXFileReference; lastKnownFileType = "wrapper.pb-project"; name = XMPP.xcodeproj; path = ../XMPP/XMPP.xcodeproj; sourceTree = "<group>"; };
		8D1107310486CEB800E47090 /* iPhoneXMPP-Info.plist */ = {isa = PBXFileReference; fileEncoding = 4; lastKnownFileType = text.plist.xml; path = "iPhoneXMPP-Info.plist"; plistStructureDefinitionIdentifier = "com.apple.xcode.plist.structure-definition.iphone.info-plist"; sourceTree = "<group>"; };
		DC19DDA0170B4138000D2178 /* Default-568h@2x.png */ = {isa = PBXFileReference; lastKnownFileType = image.png; path = "Default-568h@2x.png"; sourceTree = "<group>"; };
		DC1F97E11152CA2D00138A8F /* libxml2.dylib */ = {isa = PBXFileReference; lastKnownFileType = "compiled.mach-o.dylib"; name = libxml2.dylib; path = usr/lib/libxml2.dylib; sourceTree = SDKROOT; };
		DC1F97E71152CA4E00138A8F /* CFNetwork.framework */ = {isa = PBXFileReference; lastKnownFileType = wrapper.framework; name = CFNetwork.framework; path = System/Library/Frameworks/CFNetwork.framework; sourceTree = SDKROOT; };
		DC1F98361152CBC200138A8F /* SystemConfiguration.framework */ = {isa = PBXFileReference; lastKnownFileType = wrapper.framework; name = SystemConfiguration.framework; path = System/Library/Frameworks/SystemConfiguration.framework; sourceTree = SDKROOT; };
		DC1F985C1152CC2B00138A8F /* CoreData.framework */ = {isa = PBXFileReference; lastKnownFileType = wrapper.framework; name = CoreData.framework; path = System/Library/Frameworks/CoreData.framework; sourceTree = SDKROOT; };
		DC26A52C152A3E82004B71C0 /* Security.framework */ = {isa = PBXFileReference; lastKnownFileType = wrapper.framework; name = Security.framework; path = System/Library/Frameworks/Security.framework; sourceTree = SDKROOT; };
		DC84BC1712440C500055A459 /* libidn.a */ = {isa = PBXFileReference; lastKnownFileType = archive.ar; name = libidn.a; path = ../../Vendor/libidn/libidn.a; sourceTree = SOURCE_ROOT; };
		DCD4944212234A49004BEE1A /* libresolv.dylib */ = {isa = PBXFileReference; lastKnownFileType = "compiled.mach-o.dylib"; name = libresolv.dylib; path = usr/lib/libresolv.dylib; sourceTree = SDKROOT; };
/* End PBXFileReference section */

/* Begin PBXFrameworksBuildPhase section */
		1D60588F0D05DD3D006BFB54 /* Frameworks */ = {
			isa = PBXFrameworksBuildPhase;
			buildActionMask = 2147483647;
			files = (
				DC26A52D152A3E82004B71C0 /* Security.framework in Frameworks */,
				070400B91347D09A0092A737 /* CoreLocation.framework in Frameworks */,
				1D60589F0D05DD5A006BFB54 /* Foundation.framework in Frameworks */,
				1DF5F4E00D08C38300B7A737 /* UIKit.framework in Frameworks */,
				2892E4100DC94CBA00A64D0F /* CoreGraphics.framework in Frameworks */,
				DC1F97E21152CA2D00138A8F /* libxml2.dylib in Frameworks */,
				DC1F97E81152CA4E00138A8F /* CFNetwork.framework in Frameworks */,
				57D3AC281B965B3300725336 /* XMPP.framework in Frameworks */,
				DC1F98371152CBC200138A8F /* SystemConfiguration.framework in Frameworks */,
				DC1F985D1152CC2B00138A8F /* CoreData.framework in Frameworks */,
				DCD4944312234A49004BEE1A /* libresolv.dylib in Frameworks */,
				DC84BC1812440C500055A459 /* libidn.a in Frameworks */,
			);
			runOnlyForDeploymentPostprocessing = 0;
		};
		5799A9A21B6FF341000FCD95 /* Frameworks */ = {
			isa = PBXFrameworksBuildPhase;
			buildActionMask = 2147483647;
			files = (
				5799A9B81B710E68000FCD95 /* libKissXML.a in Frameworks */,
				5799A9A41B6FF341000FCD95 /* Security.framework in Frameworks */,
				5799A9A51B6FF341000FCD95 /* CoreLocation.framework in Frameworks */,
				5799A9A61B6FF341000FCD95 /* Foundation.framework in Frameworks */,
				5799A9A71B6FF341000FCD95 /* UIKit.framework in Frameworks */,
				5799A9A81B6FF341000FCD95 /* CoreGraphics.framework in Frameworks */,
				5799A9A91B6FF341000FCD95 /* libxml2.dylib in Frameworks */,
				5799A9AA1B6FF341000FCD95 /* CFNetwork.framework in Frameworks */,
				5799A9AB1B6FF341000FCD95 /* SystemConfiguration.framework in Frameworks */,
				5799A9AC1B6FF341000FCD95 /* CoreData.framework in Frameworks */,
				5799A9AD1B6FF341000FCD95 /* libresolv.dylib in Frameworks */,
				5799A9AE1B6FF341000FCD95 /* libidn.a in Frameworks */,
			);
			runOnlyForDeploymentPostprocessing = 0;
		};
/* End PBXFrameworksBuildPhase section */

/* Begin PBXGroup section */
		080E96DDFE201D6D7F000001 /* Classes */ = {
			isa = PBXGroup;
			children = (
				1D3623240D0F684500981E51 /* iPhoneXMPPAppDelegate.h */,
				1D3623250D0F684500981E51 /* iPhoneXMPPAppDelegate.m */,
				28C286DF0D94DF7D0034E888 /* RootViewController.h */,
				28C286E00D94DF7D0034E888 /* RootViewController.m */,
				0704FFC5134794020092A737 /* SettingsViewController.h */,
				0704FFC6134794020092A737 /* SettingsViewController.m */,
				0704FFC7134794020092A737 /* SettingsViewController.xib */,
			);
			path = Classes;
			sourceTree = "<group>";
		};
		19C28FACFE9D520D11CA2CBB /* Products */ = {
			isa = PBXGroup;
			children = (
				1D6058910D05DD3D006BFB54 /* iPhoneXMPP_8+.app */,
				5799A9B31B6FF341000FCD95 /* iPhoneXMPP_8-.app */,
			);
			name = Products;
			sourceTree = "<group>";
		};
		29B97314FDCFA39411CA2CEA /* CustomTemplate */ = {
			isa = PBXGroup;
			children = (
				57D3AC101B965A6B00725336 /* XMPP.xcodeproj */,
				080E96DDFE201D6D7F000001 /* Classes */,
				29B97315FDCFA39411CA2CEA /* Other Sources */,
				29B97317FDCFA39411CA2CEA /* Resources */,
				29B97323FDCFA39411CA2CEA /* Frameworks */,
				19C28FACFE9D520D11CA2CBB /* Products */,
			);
			name = CustomTemplate;
			sourceTree = "<group>";
		};
		29B97315FDCFA39411CA2CEA /* Other Sources */ = {
			isa = PBXGroup;
			children = (
				28A0AAE50D9B0CCF005BE974 /* iPhoneXMPP_Prefix.pch */,
				29B97316FDCFA39411CA2CEA /* main.m */,
			);
			name = "Other Sources";
			sourceTree = "<group>";
		};
		29B97317FDCFA39411CA2CEA /* Resources */ = {
			isa = PBXGroup;
			children = (
				DC19DDA0170B4138000D2178 /* Default-568h@2x.png */,
				070400441347CB140092A737 /* defaultPerson.png */,
				28F335F01007B36200424DE2 /* RootViewController.xib */,
				28AD735F0D9D9599002E5188 /* MainWindow.xib */,
				8D1107310486CEB800E47090 /* iPhoneXMPP-Info.plist */,
			);
			name = Resources;
			sourceTree = "<group>";
		};
		29B97323FDCFA39411CA2CEA /* Frameworks */ = {
			isa = PBXGroup;
			children = (
				5799A9B71B710E68000FCD95 /* libKissXML.a */,
				5799A9B51B6FF46E000FCD95 /* libKissXML.a */,
				5779FAD01B6FDC0B002B595B /* KissXML.framework */,
				570091EC1B6C090D00EEA598 /* KissXML.framework */,
				1DF5F4DF0D08C38300B7A737 /* UIKit.framework */,
				1D30AB110D05D00D00671497 /* Foundation.framework */,
				2892E40F0DC94CBA00A64D0F /* CoreGraphics.framework */,
				DC1F985C1152CC2B00138A8F /* CoreData.framework */,
				070400B81347D09A0092A737 /* CoreLocation.framework */,
				DC1F97E71152CA4E00138A8F /* CFNetwork.framework */,
				DC1F98361152CBC200138A8F /* SystemConfiguration.framework */,
				DC26A52C152A3E82004B71C0 /* Security.framework */,
				DC1F97E11152CA2D00138A8F /* libxml2.dylib */,
				DC84BC1712440C500055A459 /* libidn.a */,
				DCD4944212234A49004BEE1A /* libresolv.dylib */,
			);
			name = Frameworks;
			sourceTree = "<group>";
		};
		57D3AC111B965A6B00725336 /* Products */ = {
			isa = PBXGroup;
			children = (
				57D3AC1B1B965A6B00725336 /* XMPP.framework */,
				57D3AC1D1B965A6B00725336 /* XMPP.framework */,
				57D3AC1F1B965A6B00725336 /* libXMPP.a */,
				57D3AC211B965A6B00725336 /* XMPP-framework-link-test (ios).app */,
				57D3AC231B965A6B00725336 /* XMPP-framework-link-test-osx.app */,
			);
			name = Products;
			sourceTree = "<group>";
		};
/* End PBXGroup section */

/* Begin PBXNativeTarget section */
		1D6058900D05DD3D006BFB54 /* iPhoneXMPP_8+ */ = {
			isa = PBXNativeTarget;
			buildConfigurationList = 1D6058960D05DD3E006BFB54 /* Build configuration list for PBXNativeTarget "iPhoneXMPP_8+" */;
			buildPhases = (
				1D60588D0D05DD3D006BFB54 /* Resources */,
				1D60588E0D05DD3D006BFB54 /* Sources */,
				1D60588F0D05DD3D006BFB54 /* Frameworks */,
				57AE9ADD1B6BED7E002375BD /* Embed Frameworks */,
			);
			buildRules = (
			);
			dependencies = (
				57D3AC2B1B965B3300725336 /* PBXTargetDependency */,
			);
			name = "iPhoneXMPP_8+";
			productName = iPhoneXMPP;
			productReference = 1D6058910D05DD3D006BFB54 /* iPhoneXMPP_8+.app */;
			productType = "com.apple.product-type.application";
		};
		5799A92E1B6FF341000FCD95 /* iPhoneXMPP_8- */ = {
			isa = PBXNativeTarget;
			buildConfigurationList = 5799A9B01B6FF341000FCD95 /* Build configuration list for PBXNativeTarget "iPhoneXMPP_8-" */;
			buildPhases = (
				5799A92F1B6FF341000FCD95 /* Resources */,
				5799A9361B6FF341000FCD95 /* Sources */,
				5799A9A21B6FF341000FCD95 /* Frameworks */,
				5799A9AF1B6FF341000FCD95 /* Embed Frameworks */,
			);
			buildRules = (
			);
			dependencies = (
			);
			name = "iPhoneXMPP_8-";
			productName = iPhoneXMPP;
			productReference = 5799A9B31B6FF341000FCD95 /* iPhoneXMPP_8-.app */;
			productType = "com.apple.product-type.application";
		};
/* End PBXNativeTarget section */

/* Begin PBXProject section */
		29B97313FDCFA39411CA2CEA /* Project object */ = {
			isa = PBXProject;
			attributes = {
				CLASSPREFIX = XMPP;
				LastUpgradeCheck = 0700;
				ORGANIZATIONNAME = XMPPFramework;
			};
			buildConfigurationList = C01FCF4E08A954540054247B /* Build configuration list for PBXProject "iPhoneXMPP" */;
			compatibilityVersion = "Xcode 3.2";
			developmentRegion = English;
			hasScannedForEncodings = 1;
			knownRegions = (
				English,
				Japanese,
				French,
				German,
				en,
			);
			mainGroup = 29B97314FDCFA39411CA2CEA /* CustomTemplate */;
			projectDirPath = "";
			projectReferences = (
				{
					ProductGroup = 57D3AC111B965A6B00725336 /* Products */;
					ProjectRef = 57D3AC101B965A6B00725336 /* XMPP.xcodeproj */;
				},
			);
			projectRoot = "";
			targets = (
				1D6058900D05DD3D006BFB54 /* iPhoneXMPP_8+ */,
				5799A92E1B6FF341000FCD95 /* iPhoneXMPP_8- */,
			);
		};
/* End PBXProject section */

/* Begin PBXReferenceProxy section */
		57D3AC1B1B965A6B00725336 /* XMPP.framework */ = {
			isa = PBXReferenceProxy;
			fileType = wrapper.framework;
			path = XMPP.framework;
			remoteRef = 57D3AC1A1B965A6B00725336 /* PBXContainerItemProxy */;
			sourceTree = BUILT_PRODUCTS_DIR;
		};
		57D3AC1D1B965A6B00725336 /* XMPP.framework */ = {
			isa = PBXReferenceProxy;
			fileType = wrapper.framework;
			path = XMPP.framework;
			remoteRef = 57D3AC1C1B965A6B00725336 /* PBXContainerItemProxy */;
			sourceTree = BUILT_PRODUCTS_DIR;
		};
		57D3AC1F1B965A6B00725336 /* libXMPP.a */ = {
			isa = PBXReferenceProxy;
			fileType = archive.ar;
			path = libXMPP.a;
			remoteRef = 57D3AC1E1B965A6B00725336 /* PBXContainerItemProxy */;
			sourceTree = BUILT_PRODUCTS_DIR;
		};
		57D3AC211B965A6B00725336 /* XMPP-framework-link-test (ios).app */ = {
			isa = PBXReferenceProxy;
			fileType = wrapper.application;
			path = "XMPP-framework-link-test (ios).app";
			remoteRef = 57D3AC201B965A6B00725336 /* PBXContainerItemProxy */;
			sourceTree = BUILT_PRODUCTS_DIR;
		};
		57D3AC231B965A6B00725336 /* XMPP-framework-link-test-osx.app */ = {
			isa = PBXReferenceProxy;
			fileType = wrapper.application;
			path = "XMPP-framework-link-test-osx.app";
			remoteRef = 57D3AC221B965A6B00725336 /* PBXContainerItemProxy */;
			sourceTree = BUILT_PRODUCTS_DIR;
		};
/* End PBXReferenceProxy section */

/* Begin PBXResourcesBuildPhase section */
		1D60588D0D05DD3D006BFB54 /* Resources */ = {
			isa = PBXResourcesBuildPhase;
			buildActionMask = 2147483647;
			files = (
				28AD73600D9D9599002E5188 /* MainWindow.xib in Resources */,
				28F335F11007B36200424DE2 /* RootViewController.xib in Resources */,
				0704FFC9134794020092A737 /* SettingsViewController.xib in Resources */,
				070400451347CB140092A737 /* defaultPerson.png in Resources */,
				DC19DDA1170B4138000D2178 /* Default-568h@2x.png in Resources */,
			);
			runOnlyForDeploymentPostprocessing = 0;
		};
		5799A92F1B6FF341000FCD95 /* Resources */ = {
			isa = PBXResourcesBuildPhase;
			buildActionMask = 2147483647;
			files = (
				5799A9301B6FF341000FCD95 /* MainWindow.xib in Resources */,
				5799A9311B6FF341000FCD95 /* RootViewController.xib in Resources */,
				5799A9321B6FF341000FCD95 /* SettingsViewController.xib in Resources */,
				5799A9331B6FF341000FCD95 /* defaultPerson.png in Resources */,
				5799A9351B6FF341000FCD95 /* Default-568h@2x.png in Resources */,
			);
			runOnlyForDeploymentPostprocessing = 0;
		};
/* End PBXResourcesBuildPhase section */

/* Begin PBXSourcesBuildPhase section */
		1D60588E0D05DD3D006BFB54 /* Sources */ = {
			isa = PBXSourcesBuildPhase;
			buildActionMask = 2147483647;
			files = (
				1D60589B0D05DD56006BFB54 /* main.m in Sources */,
				1D3623260D0F684500981E51 /* iPhoneXMPPAppDelegate.m in Sources */,
				28C286E10D94DF7D0034E888 /* RootViewController.m in Sources */,
				0704FFC8134794020092A737 /* SettingsViewController.m in Sources */,
			);
			runOnlyForDeploymentPostprocessing = 0;
		};
		5799A9361B6FF341000FCD95 /* Sources */ = {
			isa = PBXSourcesBuildPhase;
			buildActionMask = 2147483647;
			files = (
				5799A9371B6FF341000FCD95 /* main.m in Sources */,
				5799A9381B6FF341000FCD95 /* iPhoneXMPPAppDelegate.m in Sources */,
				5799A9391B6FF341000FCD95 /* RootViewController.m in Sources */,
				5799A9461B6FF341000FCD95 /* SettingsViewController.m in Sources */,
			);
			runOnlyForDeploymentPostprocessing = 0;
		};
/* End PBXSourcesBuildPhase section */

/* Begin PBXTargetDependency section */
		57D3AC2B1B965B3300725336 /* PBXTargetDependency */ = {
			isa = PBXTargetDependency;
			name = "XMPP (ios)";
			targetProxy = 57D3AC2A1B965B3300725336 /* PBXContainerItemProxy */;
		};
/* End PBXTargetDependency section */

/* Begin XCBuildConfiguration section */
		1D6058940D05DD3E006BFB54 /* Debug */ = {
			isa = XCBuildConfiguration;
			buildSettings = {
				ALWAYS_SEARCH_USER_PATHS = NO;
				CLANG_ENABLE_OBJC_ARC = YES;
				COPY_PHASE_STRIP = NO;
				EMBEDDED_CONTENT_CONTAINS_SWIFT = YES;
				FRAMEWORK_SEARCH_PATHS = (
					"$(inherited)",
					"$(BUILD_DIR)",
					"$(PROJECT_DIR)",
				);
				GCC_DYNAMIC_NO_PIC = NO;
				GCC_OPTIMIZATION_LEVEL = 0;
				GCC_VERSION = com.apple.compilers.llvm.clang.1_0;
				INFOPLIST_FILE = "iPhoneXMPP-Info.plist";
				IPHONEOS_DEPLOYMENT_TARGET = 8.0;
				LD_RUNPATH_SEARCH_PATHS = "$(inherited) @executable_path/Frameworks";
				LIBRARY_SEARCH_PATHS = (
					"$(inherited)",
					"\"$(SRCROOT)/../../Vendor/libidn\"",
				);
				OTHER_CFLAGS = (
					"$(inherited)",
					"-DKISSXML_AS_NSXML=1",
				);
				"OTHER_CFLAGS[sdk=iphoneos*]" = "$(inherited)";
				"OTHER_CFLAGS[sdk=iphonesimulator*]" = "$(inherited)";
				OTHER_LDFLAGS = "-ObjC";
				PRODUCT_BUNDLE_IDENTIFIER = "com.deusty.oss.xmppframework.${PRODUCT_NAME:rfc1034identifier}";
				PRODUCT_NAME = "$(TARGET_NAME)";
			};
			name = Debug;
		};
		1D6058950D05DD3E006BFB54 /* Release */ = {
			isa = XCBuildConfiguration;
			buildSettings = {
				ALWAYS_SEARCH_USER_PATHS = NO;
				CLANG_ENABLE_OBJC_ARC = YES;
				COPY_PHASE_STRIP = YES;
				EMBEDDED_CONTENT_CONTAINS_SWIFT = YES;
				FRAMEWORK_SEARCH_PATHS = (
					"$(inherited)",
					"$(BUILD_DIR)",
					"$(PROJECT_DIR)",
				);
				GCC_VERSION = com.apple.compilers.llvm.clang.1_0;
				INFOPLIST_FILE = "iPhoneXMPP-Info.plist";
				IPHONEOS_DEPLOYMENT_TARGET = 8.0;
				LD_RUNPATH_SEARCH_PATHS = "$(inherited) @executable_path/Frameworks";
				LIBRARY_SEARCH_PATHS = (
					"$(inherited)",
					"\"$(SRCROOT)/../../Vendor/libidn\"",
				);
				OTHER_CFLAGS = (
					"$(inherited)",
					"-DKISSXML_AS_NSXML=1",
				);
				"OTHER_CFLAGS[sdk=iphoneos*]" = "$(inherited)";
				"OTHER_CFLAGS[sdk=iphonesimulator*]" = "$(inherited)";
				OTHER_LDFLAGS = "-ObjC";
				PRODUCT_BUNDLE_IDENTIFIER = "com.deusty.oss.xmppframework.${PRODUCT_NAME:rfc1034identifier}";
				PRODUCT_NAME = "$(TARGET_NAME)";
			};
			name = Release;
		};
		5799A9B11B6FF341000FCD95 /* Debug */ = {
			isa = XCBuildConfiguration;
			buildSettings = {
				ALWAYS_SEARCH_USER_PATHS = NO;
				CLANG_ENABLE_MODULES = NO;
				CLANG_ENABLE_OBJC_ARC = YES;
				COPY_PHASE_STRIP = NO;
				FRAMEWORK_SEARCH_PATHS = (
					"$(inherited)",
					"$(PROJECT_DIR)",
				);
				GCC_DYNAMIC_NO_PIC = NO;
				GCC_OPTIMIZATION_LEVEL = 0;
				GCC_PRECOMPILE_PREFIX_HEADER = YES;
				GCC_PREFIX_HEADER = iPhoneXMPP_Prefix.pch;
				GCC_VERSION = com.apple.compilers.llvm.clang.1_0;
				HEADER_SEARCH_PATHS = (
					"$(SDKROOT)/usr/include/libxml2",
					"$(SYMROOT)/include",
				);
				INFOPLIST_FILE = "iPhoneXMPP-Info.plist";
				LD_RUNPATH_SEARCH_PATHS = "$(inherited) @executable_path/Frameworks";
				LIBRARY_SEARCH_PATHS = (
					"$(inherited)",
					"\"$(SRCROOT)/../../Vendor/libidn\"",
					"$(TARGET_BUILD_DIR)",
				);
				OTHER_CFLAGS = "-DKISSXML_AS_NSXML=1";
				PRODUCT_BUNDLE_IDENTIFIER = "com.deusty.oss.xmppframework.${PRODUCT_NAME:rfc1034identifier}";
				PRODUCT_NAME = "$(TARGET_NAME)";
			};
			name = Debug;
		};
		5799A9B21B6FF341000FCD95 /* Release */ = {
			isa = XCBuildConfiguration;
			buildSettings = {
				ALWAYS_SEARCH_USER_PATHS = NO;
				CLANG_ENABLE_MODULES = NO;
				CLANG_ENABLE_OBJC_ARC = YES;
				COPY_PHASE_STRIP = YES;
				FRAMEWORK_SEARCH_PATHS = (
					"$(inherited)",
					"$(PROJECT_DIR)",
				);
				GCC_PRECOMPILE_PREFIX_HEADER = YES;
				GCC_PREFIX_HEADER = iPhoneXMPP_Prefix.pch;
				GCC_VERSION = com.apple.compilers.llvm.clang.1_0;
				HEADER_SEARCH_PATHS = (
					"$(SDKROOT)/usr/include/libxml2",
					"$(SYMROOT)/include",
				);
				INFOPLIST_FILE = "iPhoneXMPP-Info.plist";
				LD_RUNPATH_SEARCH_PATHS = "$(inherited) @executable_path/Frameworks";
				LIBRARY_SEARCH_PATHS = (
					"$(inherited)",
					"\"$(SRCROOT)/../../Vendor/libidn\"",
					"$(TARGET_BUILD_DIR)",
				);
				OTHER_CFLAGS = "-DKISSXML_AS_NSXML=1";
				PRODUCT_BUNDLE_IDENTIFIER = "com.deusty.oss.xmppframework.${PRODUCT_NAME:rfc1034identifier}";
				PRODUCT_NAME = "$(TARGET_NAME)";
			};
			name = Release;
		};
		C01FCF4F08A954540054247B /* Debug */ = {
			isa = XCBuildConfiguration;
			buildSettings = {
				CLANG_ENABLE_MODULES = YES;
				"CODE_SIGN_IDENTITY[sdk=iphoneos*]" = "iPhone Developer";
				ENABLE_TESTABILITY = YES;
				GCC_C_LANGUAGE_STANDARD = c99;
				GCC_PREPROCESSOR_DEFINITIONS = DEBUG;
				GCC_WARN_ABOUT_RETURN_TYPE = YES;
				GCC_WARN_UNUSED_VARIABLE = YES;
				HEADER_SEARCH_PATHS = "$(SDKROOT)/usr/include/libxml2";
				IPHONEOS_DEPLOYMENT_TARGET = 6.0;
				ONLY_ACTIVE_ARCH = YES;
				SDKROOT = iphoneos;
				WARNING_CFLAGS = "-Wno-arc-performSelector-leaks";
			};
			name = Debug;
		};
		C01FCF5008A954540054247B /* Release */ = {
			isa = XCBuildConfiguration;
			buildSettings = {
				CLANG_ENABLE_MODULES = YES;
				"CODE_SIGN_IDENTITY[sdk=iphoneos*]" = "iPhone Developer";
				GCC_C_LANGUAGE_STANDARD = c99;
				GCC_WARN_ABOUT_RETURN_TYPE = YES;
				GCC_WARN_UNUSED_VARIABLE = YES;
				HEADER_SEARCH_PATHS = "$(SDKROOT)/usr/include/libxml2";
				IPHONEOS_DEPLOYMENT_TARGET = 6.0;
				SDKROOT = iphoneos;
				WARNING_CFLAGS = "-Wno-arc-performSelector-leaks";
			};
			name = Release;
		};
/* End XCBuildConfiguration section */

/* Begin XCConfigurationList section */
		1D6058960D05DD3E006BFB54 /* Build configuration list for PBXNativeTarget "iPhoneXMPP_8+" */ = {
			isa = XCConfigurationList;
			buildConfigurations = (
				1D6058940D05DD3E006BFB54 /* Debug */,
				1D6058950D05DD3E006BFB54 /* Release */,
			);
			defaultConfigurationIsVisible = 0;
			defaultConfigurationName = Release;
		};
		5799A9B01B6FF341000FCD95 /* Build configuration list for PBXNativeTarget "iPhoneXMPP_8-" */ = {
			isa = XCConfigurationList;
			buildConfigurations = (
				5799A9B11B6FF341000FCD95 /* Debug */,
				5799A9B21B6FF341000FCD95 /* Release */,
			);
			defaultConfigurationIsVisible = 0;
			defaultConfigurationName = Release;
		};
		C01FCF4E08A954540054247B /* Build configuration list for PBXProject "iPhoneXMPP" */ = {
			isa = XCConfigurationList;
			buildConfigurations = (
				C01FCF4F08A954540054247B /* Debug */,
				C01FCF5008A954540054247B /* Release */,
			);
			defaultConfigurationIsVisible = 0;
			defaultConfigurationName = Release;
		};
/* End XCConfigurationList section */
	};
	rootObject = 29B97313FDCFA39411CA2CEA /* Project object */;
}
